
Microsoft Visual Studio Solution File, Format Version 12.00
# Visual Studio Version 16
VisualStudioVersion = 16.0.30320.27
MinimumVisualStudioVersion = 10.0.40219.1
Project("{FAE04EC0-301F-11D3-BF4B-00C04F79EFBC}") = "Client", "Client\Client.csproj", "{A69B609E-BCF8-4C50-98EB-403F15E4CBA4}"
EndProject
Global
	GlobalSection(SolutionConfigurationPlatforms) = preSolution
		Debug|Any CPU = Debug|Any CPU
		Release|Any CPU = Release|Any CPU
	EndGlobalSection
	GlobalSection(ProjectConfigurationPlatforms) = postSolution
		{A69B609E-BCF8-4C50-98EB-403F15E4CBA4}.Debug|Any CPU.ActiveCfg = Debug|Any CPU
		{A69B609E-BCF8-4C50-98EB-403F15E4CBA4}.Debug|Any CPU.Build.0 = Debug|Any CPU
		{A69B609E-BCF8-4C50-98EB-403F15E4CBA4}.Release|Any CPU.ActiveCfg = Release|Any CPU
		{A69B609E-BCF8-4C50-98EB-403F15E4CBA4}.Release|Any CPU.Build.0 = Release|Any CPU
	EndGlobalSection
	GlobalSection(SolutionProperties) = preSolution
		HideSolutionNode = FALSE
	EndGlobalSection
	GlobalSection(ExtensibilityGlobals) = postSolution
		SolutionGuid = {3F80D6C8-3459-48CA-8BCE-95D06249554B}
	EndGlobalSection
EndGlobal
